Microsoft Visual Studio Solution File, Format Version 11.00
# Visual Studio 2008

Project("{000FECFC-D9ED-8119-C384-1CA87D49D291}") = "Robots", "Assembly-CSharp-firstpass.csproj", "{59E0F1EE-C96F-5771-2699-AD8CFA4ABF16}"
EndProject
Project("{000FECFC-D9ED-8119-C384-1CA87D49D291}") = "Robots", "Assembly-CSharp.csproj", "{3E2E4C52-99E2-30DA-0A8A-25DA629A7FC2}"
EndProject
Global
	GlobalSection(SolutionConfigurationPlatforms) = preSolution
		Debug|Any CPU = Debug|Any CPU
		Release|Any CPU = Release|Any CPU
	EndGlobalSection
	GlobalSection(ProjectConfigurationPlatforms) = postSolution
		{59E0F1EE-C96F-5771-2699-AD8CFA4ABF16}.Debug|Any CPU.ActiveCfg = Debug|Any CPU
		{59E0F1EE-C96F-5771-2699-AD8CFA4ABF16}.Debug|Any CPU.Build.0 = Debug|Any CPU
		{59E0F1EE-C96F-5771-2699-AD8CFA4ABF16}.Release|Any CPU.ActiveCfg = Release|Any CPU
		{59E0F1EE-C96F-5771-2699-AD8CFA4ABF16}.Release|Any CPU.Build.0 = Release|Any CPU
		{3E2E4C52-99E2-30DA-0A8A-25DA629A7FC2}.Debug|Any CPU.ActiveCfg = Debug|Any CPU
		{3E2E4C52-99E2-30DA-0A8A-25DA629A7FC2}.Debug|Any CPU.Build.0 = Debug|Any CPU
		{3E2E4C52-99E2-30DA-0A8A-25DA629A7FC2}.Release|Any CPU.ActiveCfg = Release|Any CPU
		{3E2E4C52-99E2-30DA-0A8A-25DA629A7FC2}.Release|Any CPU.Build.0 = Release|Any CPU
	EndGlobalSection
	GlobalSection(SolutionProperties) = preSolution
		HideSolutionNode = FALSE
	EndGlobalSection
																													GlobalSection(MonoDevelopProperties) = preSolution
		StartupItem = Assembly-CSharp.csproj
		Policies = $0
		$0.TextStylePolicy = $1
		$1.inheritsSet = null
		$1.scope = text/x-csharp
		$0.CSharpFormattingPolicy = $2
		$2.inheritsSet = Mono
		$2.inheritsScope = text/x-csharp
		$2.scope = text/x-csharp
		$0.TextStylePolicy = $3
		$3.FileWidth = 120
		$3.TabWidth = 4
		$3.EolMarker = Unix
		$3.inheritsSet = Mono
		$3.inheritsScope = text/plain
		$3.scope = text/plain
	EndGlobalSection

EndGlobal
